
Microsoft Visual Studio Solution File, Format Version 12.00
# Visual Studio Version 17
VisualStudioVersion = 17.8.34601.278
MinimumVisualStudioVersion = 10.0.40219.1
Project("{FAE04EC0-301F-11D3-BF4B-00C04F79EFBC}") = "BusinessLogicLayer", "BusinessLogicLayer\BusinessLogicLayer.csproj", "{B3AA7E52-7815-4A56-8ADB-3FD286010393}"
EndProject
Project("{FAE04EC0-301F-11D3-BF4B-00C04F79EFBC}") = "DataAccessLayer", "DataAccessLayer\DataAccessLayer.csproj", "{8B3E775D-64AC-4B75-A3D7-C9CDD2A7C2D7}"
EndProject
Project("{FAE04EC0-301F-11D3-BF4B-00C04F79EFBC}") = "PresentationLayer", "PresentationLayer\PresentationLayer.csproj", "{57F5D883-64EA-439C-BAF7-0A22934CF434}"
EndProject
Project("{FAE04EC0-301F-11D3-BF4B-00C04F79EFBC}") = "EntitiesLayer", "EntitiesLayer\EntitiesLayer.csproj", "{D01DD2C6-53E3-45ED-9B71-601DA250AA64}"
EndProject
Project("{FAE04EC0-301F-11D3-BF4B-00C04F79EFBC}") = "VirtualDataBase", "VirtualDataBase\VirtualDataBase.csproj", "{50B12690-DE0D-4036-A1B6-4D206574BC8E}"
EndProject
Global
	GlobalSection(SolutionConfigurationPlatforms) = preSolution
		Debug|Any CPU = Debug|Any CPU
		Release|Any CPU = Release|Any CPU
	EndGlobalSection
	GlobalSection(ProjectConfigurationPlatforms) = postSolution
		{B3AA7E52-7815-4A56-8ADB-3FD286010393}.Debug|Any CPU.ActiveCfg = Debug|Any CPU
		{B3AA7E52-7815-4A56-8ADB-3FD286010393}.Debug|Any CPU.Build.0 = Debug|Any CPU
		{B3AA7E52-7815-4A56-8ADB-3FD286010393}.Release|Any CPU.ActiveCfg = Release|Any CPU
		{B3AA7E52-7815-4A56-8ADB-3FD286010393}.Release|Any CPU.Build.0 = Release|Any CPU
		{8B3E775D-64AC-4B75-A3D7-C9CDD2A7C2D7}.Debug|Any CPU.ActiveCfg = Debug|Any CPU
		{8B3E775D-64AC-4B75-A3D7-C9CDD2A7C2D7}.Debug|Any CPU.Build.0 = Debug|Any CPU
		{8B3E775D-64AC-4B75-A3D7-C9CDD2A7C2D7}.Release|Any CPU.ActiveCfg = Release|Any CPU
		{8B3E775D-64AC-4B75-A3D7-C9CDD2A7C2D7}.Release|Any CPU.Build.0 = Release|Any CPU
		{57F5D883-64EA-439C-BAF7-0A22934CF434}.Debug|Any CPU.ActiveCfg = Debug|Any CPU
		{57F5D883-64EA-439C-BAF7-0A22934CF434}.Debug|Any CPU.Build.0 = Debug|Any CPU
		{57F5D883-64EA-439C-BAF7-0A22934CF434}.Release|Any CPU.ActiveCfg = Release|Any CPU
		{57F5D883-64EA-439C-BAF7-0A22934CF434}.Release|Any CPU.Build.0 = Release|Any CPU
		{D01DD2C6-53E3-45ED-9B71-601DA250AA64}.Debug|Any CPU.ActiveCfg = Debug|Any CPU
		{D01DD2C6-53E3-45ED-9B71-601DA250AA64}.Debug|Any CPU.Build.0 = Debug|Any CPU
		{D01DD2C6-53E3-45ED-9B71-601DA250AA64}.Release|Any CPU.ActiveCfg = Release|Any CPU
		{D01DD2C6-53E3-45ED-9B71-601DA250AA64}.Release|Any CPU.Build.0 = Release|Any CPU
		{50B12690-DE0D-4036-A1B6-4D206574BC8E}.Debug|Any CPU.ActiveCfg = Debug|Any CPU
		{50B12690-DE0D-4036-A1B6-4D206574BC8E}.Debug|Any CPU.Build.0 = Debug|Any CPU
		{50B12690-DE0D-4036-A1B6-4D206574BC8E}.Release|Any CPU.ActiveCfg = Release|Any CPU
		{50B12690-DE0D-4036-A1B6-4D206574BC8E}.Release|Any CPU.Build.0 = Release|Any CPU
	EndGlobalSection
	GlobalSection(SolutionProperties) = preSolution
		HideSolutionNode = FALSE
	EndGlobalSection
	GlobalSection(ExtensibilityGlobals) = postSolution
		SolutionGuid = {FEB984EA-2E3F-45C0-AD95-E58336D82646}
	EndGlobalSection
EndGlobal
